
Microsoft Visual Studio Solution File, Format Version 12.00
# Visual Studio Version 16
VisualStudioVersion = 16.0.30011.22
MinimumVisualStudioVersion = 10.0.40219.1
Project("{FAE04EC0-301F-11D3-BF4B-00C04F79EFBC}") = "ErrorAPI", "ErrorAPI.csproj", "{C7B2102C-AC66-4C0A-882A-D8A8596361F3}"
EndProject
Project("{9A19103F-16F7-4668-BE54-9A1E7A4F7556}") = "DatabaseLib", "..\Data\DatabaseLib.csproj", "{56FD88D3-D4B1-4FD1-9CB6-2F3A2627606D}"
EndProject
Global
	GlobalSection(SolutionConfigurationPlatforms) = preSolution
		Debug|Any CPU = Debug|Any CPU
		Release|Any CPU = Release|Any CPU
	EndGlobalSection
	GlobalSection(ProjectConfigurationPlatforms) = postSolution
		{C7B2102C-AC66-4C0A-882A-D8A8596361F3}.Debug|Any CPU.ActiveCfg = Debug|Any CPU
		{C7B2102C-AC66-4C0A-882A-D8A8596361F3}.Debug|Any CPU.Build.0 = Debug|Any CPU
		{C7B2102C-AC66-4C0A-882A-D8A8596361F3}.Release|Any CPU.ActiveCfg = Release|Any CPU
		{C7B2102C-AC66-4C0A-882A-D8A8596361F3}.Release|Any CPU.Build.0 = Release|Any CPU
		{56FD88D3-D4B1-4FD1-9CB6-2F3A2627606D}.Debug|Any CPU.ActiveCfg = Debug|Any CPU
		{56FD88D3-D4B1-4FD1-9CB6-2F3A2627606D}.Debug|Any CPU.Build.0 = Debug|Any CPU
		{56FD88D3-D4B1-4FD1-9CB6-2F3A2627606D}.Release|Any CPU.ActiveCfg = Release|Any CPU
		{56FD88D3-D4B1-4FD1-9CB6-2F3A2627606D}.Release|Any CPU.Build.0 = Release|Any CPU
	EndGlobalSection
	GlobalSection(SolutionProperties) = preSolution
		HideSolutionNode = FALSE
	EndGlobalSection
	GlobalSection(ExtensibilityGlobals) = postSolution
		SolutionGuid = {3C3A3543-0859-45ED-B6A5-F768909CEB68}
	EndGlobalSection
EndGlobal
